{
  "version": 4,
  "terraform_version": "1.9.5",
  "serial": 42,
  "lineage": "8f2e1a4c-5b6d-4e7f-9a0b-1c2d3e4f5a6b",
  "outputs": {
    "vpc_id": { "value": "vpc-0a1b2c3d", "sensitive": false },
    "db_password": { "value": "hunter2", "sensitive": true }
  },
  "resources": [
    {
      "mode": "managed",
      "type": "aws_vpc",
      "name": "main",
      "provider": "provider[\"registry.terraform.io/hashicorp/aws\"]",
      "instances": [
        {
          "schema_version": 1,
          "attributes": {
            "id": "vpc-0a1b2c3d",
            "cidr_block": "10.0.0.0/16",
            "enable_dns_hostnames": true,
            "tags": { "environment": "production", "owner": "platform" }
          }
        }
      ]
    },
    {
      "mode": "managed",
      "type": "aws_subnet",
      "name": "private",
      "provider": "provider[\"registry.terraform.io/hashicorp/aws\"]",
      "instances": [
        {
          "index_key": 0,
          "schema_version": 1,
          "attributes": {
            "id": "subnet-1111",
            "cidr_block": "10.0.1.0/24",
            "availability_zone": "us-east-1a",
            "tags": { "environment": "production" }
          },
          "dependencies": ["aws_vpc.main"]
        },
        {
          "index_key": 1,
          "schema_version": 1,
          "attributes": {
            "id": "subnet-2222",
            "cidr_block": "10.0.2.0/24",
            "availability_zone": "us-east-1b",
            "tags": { "environment": "production" }
          },
          "dependencies": ["aws_vpc.main"]
        }
      ]
    },
    {
      "mode": "managed",
      "type": "aws_s3_bucket",
      "name": "assets",
      "provider": "provider[\"registry.terraform.io/hashicorp/aws\"]",
      "instances": [
        {
          "schema_version": 0,
          "attributes": {
            "id": "prod-assets",
            "bucket": "prod-assets",
            "acl": "private",
            "server_side_encryption_configuration": { "rule": { "sse_algorithm": "AES256" } },
            "tags": { "environment": "production", "owner": "platform", "cost-center": "eng" }
          }
        }
      ]
    },
    {
      "mode": "managed",
      "type": "aws_db_instance",
      "name": "primary",
      "provider": "provider[\"registry.terraform.io/hashicorp/aws\"]",
      "instances": [
        {
          "schema_version": 1,
          "attributes": {
            "id": "db-prod-1",
            "instance_class": "db.r5.4xlarge",
            "instance_type": "db.r5.4xlarge",
            "publicly_accessible": false,
            "storage_encrypted": true,
            "backup_retention_period": 7,
            "availability_zone": "us-east-1a",
            "password": "correct-horse-battery-staple",
            "tags": { "environment": "production" }
          },
          "dependencies": ["aws_subnet.private"]
        }
      ]
    },
    {
      "mode": "data",
      "type": "aws_caller_identity",
      "name": "current",
      "provider": "provider[\"registry.terraform.io/hashicorp/aws\"]",
      "instances": [{ "schema_version": 0, "attributes": { "account_id": "123456789012" } }]
    }
  ]
}
